<?xml version="1.0" encoding="utf-8"?>
<Project ToolsVersion="4.0" xmlns="http://schemas.microsoft.com/developer/msbuild/2003">
  <ItemGroup>
    <Filter Include="源文件">
      <UniqueIdentifier>{4FC737F1-C7A5-4376-A066-2A32D752A2FF}</UniqueIdentifier>
      <Extensions>cpp;c;cc;cxx;c++;cppm;ixx;def;odl;idl;hpj;bat;asm;asmx</Extensions>
    </Filter>
    <Filter Include="头文件">
      <UniqueIdentifier>{93995380-89BD-4b04-88EB-625FBE52EBFB}</UniqueIdentifier>
      <Extensions>h;hh;hpp;hxx;h++;hm;inl;inc;ipp;xsd</Extensions>
    </Filter>
    <Filter Include="资源文件">
      <UniqueIdentifier>{67DA6AB6-F800-4c08-8B7A-83BB121AAD01}</UniqueIdentifier>
      <Extensions>rc;ico;cur;bmp;dlg;rc2;rct;bin;rgs;gif;jpg;jpeg;jpe;resx;tiff;tif;png;wav;mfcribbon-ms</Extensions>
    </Filter>
    <Filter Include="轮转系统">
      <UniqueIdentifier>{B8F5D8A4-12C6-4F5A-9A3B-8E7F2D1A5B3C}</UniqueIdentifier>
    </Filter>
  </ItemGroup>
  <ItemGroup>
    <ClCompile Include="main.cpp">
      <Filter>源文件</Filter>
    </ClCompile>
    <ClCompile Include="src\log\LightLogWriteImpl.cpp">
      <Filter>源文件</Filter>
    </ClCompile>
    <ClCompile Include="src\log\UniConv.cpp">
      <Filter>源文件</Filter>
    </ClCompile>
    <ClCompile Include="src\log\BaseLogOutput.cpp">
      <Filter>源文件</Filter>
    </ClCompile>
    <ClCompile Include="src\log\BasicLogFormatter.cpp">
      <Filter>源文件</Filter>
    </ClCompile>
    <ClCompile Include="src\log\ConsoleLogOutput.cpp">
      <Filter>源文件</Filter>
    </ClCompile>
    <ClCompile Include="src\log\FileLogOutput.cpp">
      <Filter>源文件</Filter>
    </ClCompile>
    <ClCompile Include="src\log\LogOutputManager.cpp">
      <Filter>源文件</Filter>
    </ClCompile>
    <ClCompile Include="src\log\MultiOutputLogConfig.cpp">
      <Filter>源文件</Filter>
    </ClCompile>
    <ClCompile Include="src\log\RotationManagerFactory.cpp">
      <Filter>轮转系统</Filter>
    </ClCompile>
  </ItemGroup>
  <ItemGroup>
    <ClInclude Include="include\log\BaseLogOutput.h">
      <Filter>头文件</Filter>
    </ClInclude>
    <ClInclude Include="include\log\BasicLogFormatter.h">
      <Filter>头文件</Filter>
    </ClInclude>
    <ClInclude Include="include\log\ConsoleLogOutput.h">
      <Filter>头文件</Filter>
    </ClInclude>
    <ClInclude Include="include\log\iconv.h">
      <Filter>头文件</Filter>
    </ClInclude>
    <ClInclude Include="include\log\ILogFilter.h">
      <Filter>头文件</Filter>
    </ClInclude>
    <ClInclude Include="include\log\ILogFormatter.h">
      <Filter>头文件</Filter>
    </ClInclude>
    <ClInclude Include="include\log\ILogOutput.h">
      <Filter>头文件</Filter>
    </ClInclude>
    <ClInclude Include="include\log\LightLogWriteImpl.h">
      <Filter>头文件</Filter>
    </ClInclude>
    <ClInclude Include="include\log\LogOutputManager.h">
      <Filter>头文件</Filter>
    </ClInclude>
    <ClInclude Include="include\log\MultiOutputLogConfig.h">
      <Filter>头文件</Filter>
    </ClInclude>
    <ClInclude Include="include\log\NetworkLogOutput.h">
      <Filter>头文件</Filter>
    </ClInclude>
    <ClInclude Include="include\log\PerformanceProfiler.h">
      <Filter>头文件</Filter>
    </ClInclude>
    <ClInclude Include="include\log\singleton.h">
      <Filter>头文件</Filter>
    </ClInclude>
    <ClInclude Include="include\log\UniConv.h">
      <Filter>头文件</Filter>
    </ClInclude>
    <ClInclude Include="include\log\ILogRotationManager.h">
      <Filter>轮转系统</Filter>
    </ClInclude>
    <ClInclude Include="include\log\IRotationStrategy.h">
      <Filter>轮转系统</Filter>
    </ClInclude>
    <ClInclude Include="include\log\RotationStrategies.h">
      <Filter>轮转系统</Filter>
    </ClInclude>
    <ClInclude Include="include\log\TimeCalculator.h">
      <Filter>轮转系统</Filter>
    </ClInclude>
    <ClInclude Include="include\log\RotationStateMachine.h">
      <Filter>轮转系统</Filter>
    </ClInclude>
    <ClInclude Include="include\log\TransactionalRotation.h">
      <Filter>轮转系统</Filter>
    </ClInclude>
    <ClInclude Include="include\log\RotationPreChecker.h">
      <Filter>轮转系统</Filter>
    </ClInclude>
    <ClInclude Include="include\log\AsyncRotationManager.h">
      <Filter>轮转系统</Filter>
    </ClInclude>
    <ClInclude Include="include\log\RotationErrorHandler.h">
      <Filter>轮转系统</Filter>
    </ClInclude>
    <ClInclude Include="include\log\RotationManagerFactory.h">
      <Filter>轮转系统</Filter>
    </ClInclude>
  </ItemGroup>
  <ItemGroup>
    <None Include="include\log\encodings.inc">
      <Filter>头文件</Filter>
    </None>
    <None Include="include\log\README.MD" />
  </ItemGroup>
</Project>